# This file was autogenerated by Stack.
# You should not edit this file by hand.
# For more information, please see the documentation at:
#   https://docs.haskellstack.org/en/stable/topics/lock_files

packages: []
snapshots:
- completed:
    sha256: c0060a2ed91942bd6426f00617125fe9f0fef613dad0acc5f0ea10e8d499f799
    size: 726335
    url: https://raw.githubusercontent.com/commercialhaskell/stackage-snapshots/master/lts/24/25.yaml
  original:
    url: https://raw.githubusercontent.com/commercialhaskell/stackage-snapshots/master/lts/24/25.yaml
